schema_version: strategist-embedded-skill-lock/v1
packages:
    - id: brainstorming
      version: 1.0.0
      digest: sha256:2ffef4b3285acbed72c717ac498b911d59c9529029548809eec4f9e6ad7a9d17
      source: external-skills-source/brainstorming
    - id: openspec-explore
      version: "1.0"
      digest: sha256:9a976e674f2bbcc0c6131d7cacff1bcc5090b3b6dfc5b791d36abceadeb1e07e
      source: external-skills-source/openspec-explore
    - id: openspec-propose
      version: "1.0"
      digest: sha256:737d78ed3b40aa1d4df6add598b8215dd4613bfccde000f84443d11d7a51b53a
      source: external-skills-source/openspec-propose
