schema_version: strategist-embedded-skill-lock/v1
packages:
    - id: brainstorming
      version: 1.0.0
      digest: sha256:8ba7cdc0c82a4733ccc3fd41949384b47900a8941156f8a4dcc2a382abd07b02
      source: external-skills-source/brainstorming
    - id: openspec-explore
      version: "1.0"
      digest: sha256:9a976e674f2bbcc0c6131d7cacff1bcc5090b3b6dfc5b791d36abceadeb1e07e
      source: external-skills-source/openspec-explore
    - id: openspec-propose
      version: "1.0"
      digest: sha256:dc003f3cdd4832ad75e696f5fa62932110b62c3a35871547b9602b143e606805
      source: external-skills-source/openspec-propose
